
Microsoft Visual Studio Solution File, Format Version 12.00
# Visual Studio Version 16
VisualStudioVersion = 16.0.32228.343
MinimumVisualStudioVersion = 10.0.40219.1
Project("{8BC9CEB8-8B4A-11D0-8D11-00A0C91BC942}") = "comp282_Coursework1_VS", "comp282_Coursework1_VS\comp282_Coursework1_VS.vcxproj", "{4359ECA2-FDEB-4948-B0CB-5F02BE225479}"
EndProject
Global
	GlobalSection(SolutionConfigurationPlatforms) = preSolution
		Debug|x64 = Debug|x64
		Debug|x86 = Debug|x86
		Release|x64 = Release|x64
		Release|x86 = Release|x86
	EndGlobalSection
	GlobalSection(ProjectConfigurationPlatforms) = postSolution
		{4359ECA2-FDEB-4948-B0CB-5F02BE225479}.Debug|x64.ActiveCfg = Debug|x64
		{4359ECA2-FDEB-4948-B0CB-5F02BE225479}.Debug|x64.Build.0 = Debug|x64
		{4359ECA2-FDEB-4948-B0CB-5F02BE225479}.Debug|x86.ActiveCfg = Debug|Win32
		{4359ECA2-FDEB-4948-B0CB-5F02BE225479}.Debug|x86.Build.0 = Debug|Win32
		{4359ECA2-FDEB-4948-B0CB-5F02BE225479}.Release|x64.ActiveCfg = Release|x64
		{4359ECA2-FDEB-4948-B0CB-5F02BE225479}.Release|x64.Build.0 = Release|x64
		{4359ECA2-FDEB-4948-B0CB-5F02BE225479}.Release|x86.ActiveCfg = Release|Win32
		{4359ECA2-FDEB-4948-B0CB-5F02BE225479}.Release|x86.Build.0 = Release|Win32
	EndGlobalSection
	GlobalSection(SolutionProperties) = preSolution
		HideSolutionNode = FALSE
	EndGlobalSection
	GlobalSection(ExtensibilityGlobals) = postSolution
		SolutionGuid = {D2A2EDA3-17A1-4FBF-A365-69F9CDD59BE1}
	EndGlobalSection
EndGlobal
